
Microsoft Visual Studio Solution File, Format Version 12.00
# Visual Studio Version 17
VisualStudioVersion = 17.5.001.0
MinimumVisualStudioVersion = 10.0.40219.1
Project("{9A19103F-16F7-4668-BE54-9A1E7A4F7556}") = "COOKING_RECIPE_PORTAL", "COOKING_RECIPE_PORTAL.csproj", "{43086A89-3AA6-4966-AE1F-0EE0CB438AC6}"
EndProject
Global
	GlobalSection(SolutionConfigurationPlatforms) = preSolution
		Debug|Any CPU = Debug|Any CPU
		Release|Any CPU = Release|Any CPU
	EndGlobalSection
	GlobalSection(ProjectConfigurationPlatforms) = postSolution
		{43086A89-3AA6-4966-AE1F-0EE0CB438AC6}.Debug|Any CPU.ActiveCfg = Debug|Any CPU
		{43086A89-3AA6-4966-AE1F-0EE0CB438AC6}.Debug|Any CPU.Build.0 = Debug|Any CPU
		{43086A89-3AA6-4966-AE1F-0EE0CB438AC6}.Release|Any CPU.ActiveCfg = Release|Any CPU
		{43086A89-3AA6-4966-AE1F-0EE0CB438AC6}.Release|Any CPU.Build.0 = Release|Any CPU
	EndGlobalSection
	GlobalSection(SolutionProperties) = preSolution
		HideSolutionNode = FALSE
	EndGlobalSection
	GlobalSection(ExtensibilityGlobals) = postSolution
		SolutionGuid = {FBD3D1C1-0532-46CB-BF8C-1129F0B6A458}
	EndGlobalSection
EndGlobal
